
Microsoft Visual Studio Solution File, Format Version 12.00
# Visual Studio Version 16
VisualStudioVersion = 16.0.30621.155
MinimumVisualStudioVersion = 10.0.40219.1
Project("{FAE04EC0-301F-11D3-BF4B-00C04F79EFBC}") = "CV19", "CV19\CV19.csproj", "{B9918E43-8E4B-4D98-A6E4-9561AC293D66}"
EndProject
Project("{2150E333-8FDC-42A3-9474-1A3956D46DE8}") = "Tests", "Tests", "{D921ECA5-E0E5-4582-98E6-B33A2242F590}"
EndProject
Project("{FAE04EC0-301F-11D3-BF4B-00C04F79EFBC}") = "CV19Console", "Tests\CV19Console\CV19Console.csproj", "{D37F9C25-1394-4DE7-A369-3222E3F2A03B}"
EndProject
Project("{FAE04EC0-301F-11D3-BF4B-00C04F79EFBC}") = "CV19WpfTest", "Tests\CV19WpfTest\CV19WpfTest.csproj", "{DC61A283-0388-4978-BBC1-6A14DC185AC3}"
EndProject
Global
	GlobalSection(SolutionConfigurationPlatforms) = preSolution
		Debug|Any CPU = Debug|Any CPU
		Release|Any CPU = Release|Any CPU
	EndGlobalSection
	GlobalSection(ProjectConfigurationPlatforms) = postSolution
		{B9918E43-8E4B-4D98-A6E4-9561AC293D66}.Debug|Any CPU.ActiveCfg = Debug|Any CPU
		{B9918E43-8E4B-4D98-A6E4-9561AC293D66}.Debug|Any CPU.Build.0 = Debug|Any CPU
		{B9918E43-8E4B-4D98-A6E4-9561AC293D66}.Release|Any CPU.ActiveCfg = Release|Any CPU
		{B9918E43-8E4B-4D98-A6E4-9561AC293D66}.Release|Any CPU.Build.0 = Release|Any CPU
		{D37F9C25-1394-4DE7-A369-3222E3F2A03B}.Debug|Any CPU.ActiveCfg = Debug|Any CPU
		{D37F9C25-1394-4DE7-A369-3222E3F2A03B}.Debug|Any CPU.Build.0 = Debug|Any CPU
		{D37F9C25-1394-4DE7-A369-3222E3F2A03B}.Release|Any CPU.ActiveCfg = Release|Any CPU
		{D37F9C25-1394-4DE7-A369-3222E3F2A03B}.Release|Any CPU.Build.0 = Release|Any CPU
		{DC61A283-0388-4978-BBC1-6A14DC185AC3}.Debug|Any CPU.ActiveCfg = Debug|Any CPU
		{DC61A283-0388-4978-BBC1-6A14DC185AC3}.Debug|Any CPU.Build.0 = Debug|Any CPU
		{DC61A283-0388-4978-BBC1-6A14DC185AC3}.Release|Any CPU.ActiveCfg = Release|Any CPU
		{DC61A283-0388-4978-BBC1-6A14DC185AC3}.Release|Any CPU.Build.0 = Release|Any CPU
	EndGlobalSection
	GlobalSection(SolutionProperties) = preSolution
		HideSolutionNode = FALSE
	EndGlobalSection
	GlobalSection(NestedProjects) = preSolution
		{D37F9C25-1394-4DE7-A369-3222E3F2A03B} = {D921ECA5-E0E5-4582-98E6-B33A2242F590}
		{DC61A283-0388-4978-BBC1-6A14DC185AC3} = {D921ECA5-E0E5-4582-98E6-B33A2242F590}
	EndGlobalSection
	GlobalSection(ExtensibilityGlobals) = postSolution
		SolutionGuid = {712BE343-434C-4CFB-8CEC-4DFED09492B1}
	EndGlobalSection
EndGlobal
